
Microsoft Visual Studio Solution File, Format Version 12.00
# Visual Studio Version 17
VisualStudioVersion = 17.0.31912.275
MinimumVisualStudioVersion = 10.0.40219.1
Project("{FAE04EC0-301F-11D3-BF4B-00C04F79EFBC}") = "Modul 5 - Fallunterscheidungen", "Modul 5 - Fallunterscheidungen.csproj", "{554D5E53-88CD-438C-AE9A-7ADD4E6E710F}"
EndProject
Global
	GlobalSection(SolutionConfigurationPlatforms) = preSolution
		Debug|Any CPU = Debug|Any CPU
		Release|Any CPU = Release|Any CPU
	EndGlobalSection
	GlobalSection(ProjectConfigurationPlatforms) = postSolution
		{554D5E53-88CD-438C-AE9A-7ADD4E6E710F}.Debug|Any CPU.ActiveCfg = Debug|Any CPU
		{554D5E53-88CD-438C-AE9A-7ADD4E6E710F}.Debug|Any CPU.Build.0 = Debug|Any CPU
		{554D5E53-88CD-438C-AE9A-7ADD4E6E710F}.Release|Any CPU.ActiveCfg = Release|Any CPU
		{554D5E53-88CD-438C-AE9A-7ADD4E6E710F}.Release|Any CPU.Build.0 = Release|Any CPU
	EndGlobalSection
	GlobalSection(SolutionProperties) = preSolution
		HideSolutionNode = FALSE
	EndGlobalSection
	GlobalSection(ExtensibilityGlobals) = postSolution
		SolutionGuid = {B158EAB7-AF6A-41F0-838F-37B7FF0BF618}
	EndGlobalSection
EndGlobal
